
Microsoft Visual Studio Solution File, Format Version 12.00
# Visual Studio Version 17
VisualStudioVersion = 17.2.32526.322
MinimumVisualStudioVersion = 10.0.40219.1
Project("{9A19103F-16F7-4668-BE54-9A1E7A4F7556}") = "SimulationDAL", "SimulationDAL\SimulationDAL.csproj", "{536E2AE0-B2F3-4DEE-8E35-5E2AD2D74F7F}"
EndProject
Project("{9A19103F-16F7-4668-BE54-9A1E7A4F7556}") = "MessageDefLib", "MessageDefLib\MessageDefLib.csproj", "{A3E8023A-5CE3-4A59-BB43-E1431D865167}"
EndProject
Project("{9A19103F-16F7-4668-BE54-9A1E7A4F7556}") = "XmppServerController", "XmppServer\XmppServerController.csproj", "{5C2228FC-B166-4E6D-861C-7340CEBE02EA}"
EndProject
Project("{9A19103F-16F7-4668-BE54-9A1E7A4F7556}") = "SimulationEngine", "SimulationEngine\SimulationEngine.csproj", "{30018F30-1B1B-46CB-9252-1D29288A0825}"
EndProject
Project("{9A19103F-16F7-4668-BE54-9A1E7A4F7556}") = "EMRALD_Sim", "EMRALD_Sim\EMRALD_Sim.csproj", "{B6F47973-B227-4825-BB2D-B995F5FE2E9C}"
EndProject
Project("{9A19103F-16F7-4668-BE54-9A1E7A4F7556}") = "Testing", "VandV_Testing\Testing.csproj", "{43990779-63AB-4896-8AEE-7B06F7BC6B0B}"
EndProject
Project("{9A19103F-16F7-4668-BE54-9A1E7A4F7556}") = "XmppClient", "XmppClient\XmppClient.csproj", "{8846DEF8-E1EB-408E-9316-D85E273E7E09}"
EndProject
Project("{E24C65DC-7377-472B-9ABA-BC803B73C61A}") = "Emrald_Site", "Emrald_Site\", "{6A02BDBB-CBDA-4ADF-81DA-4499666F7C2B}"
	ProjectSection(WebsiteProperties) = preProject
		SccProjectName = "SAK"
		SccAuxPath = "SAK"
		SccLocalPath = "SAK"
		SccProvider = "SAK"
		TargetFrameworkMoniker = ".NETFramework,Version%3Dv4.8"
		Debug.AspNetCompiler.VirtualPath = "/localhost_56455"
		Debug.AspNetCompiler.PhysicalPath = "Emrald_Site\"
		Debug.AspNetCompiler.TargetPath = "PrecompiledWeb\localhost_56455\"
		Debug.AspNetCompiler.Updateable = "true"
		Debug.AspNetCompiler.ForceOverwrite = "true"
		Debug.AspNetCompiler.FixedNames = "false"
		Debug.AspNetCompiler.Debug = "True"
		Release.AspNetCompiler.VirtualPath = "/localhost_56455"
		Release.AspNetCompiler.PhysicalPath = "Emrald_Site\"
		Release.AspNetCompiler.TargetPath = "PrecompiledWeb\localhost_56455\"
		Release.AspNetCompiler.Updateable = "true"
		Release.AspNetCompiler.ForceOverwrite = "true"
		Release.AspNetCompiler.FixedNames = "false"
		Release.AspNetCompiler.Debug = "False"
		VWDPort = "56455"
		SlnRelativePath = "Emrald_Site\"
	EndProjectSection
EndProject
Project("{E24C65DC-7377-472B-9ABA-BC803B73C61A}") = "Emrald-UI", "Emrald-UI\", "{DBFECD62-5F5A-4A30-BCC9-63FA05E10638}"
	ProjectSection(WebsiteProperties) = preProject
		TargetFrameworkMoniker = ".NETFramework,Version%3Dv4.8"
		Debug.AspNetCompiler.VirtualPath = "/localhost_51567"
		Debug.AspNetCompiler.PhysicalPath = "Emrald-UI\"
		Debug.AspNetCompiler.TargetPath = "PrecompiledWeb\localhost_51567\"
		Debug.AspNetCompiler.Updateable = "true"
		Debug.AspNetCompiler.ForceOverwrite = "true"
		Debug.AspNetCompiler.FixedNames = "false"
		Debug.AspNetCompiler.Debug = "True"
		Release.AspNetCompiler.VirtualPath = "/localhost_51567"
		Release.AspNetCompiler.PhysicalPath = "Emrald-UI\"
		Release.AspNetCompiler.TargetPath = "PrecompiledWeb\localhost_51567\"
		Release.AspNetCompiler.Updateable = "true"
		Release.AspNetCompiler.ForceOverwrite = "true"
		Release.AspNetCompiler.FixedNames = "false"
		Release.AspNetCompiler.Debug = "False"
		VWDPort = "51567"
		SlnRelativePath = "Emrald-UI\"
	EndProjectSection
EndProject
Global
	GlobalSection(SolutionConfigurationPlatforms) = preSolution
		Debug|Any CPU = Debug|Any CPU
		Release|Any CPU = Release|Any CPU
	EndGlobalSection
	GlobalSection(ProjectConfigurationPlatforms) = postSolution
		{536E2AE0-B2F3-4DEE-8E35-5E2AD2D74F7F}.Debug|Any CPU.ActiveCfg = Debug|Any CPU
		{536E2AE0-B2F3-4DEE-8E35-5E2AD2D74F7F}.Debug|Any CPU.Build.0 = Debug|Any CPU
		{536E2AE0-B2F3-4DEE-8E35-5E2AD2D74F7F}.Release|Any CPU.ActiveCfg = Release|Any CPU
		{536E2AE0-B2F3-4DEE-8E35-5E2AD2D74F7F}.Release|Any CPU.Build.0 = Release|Any CPU
		{A3E8023A-5CE3-4A59-BB43-E1431D865167}.Debug|Any CPU.ActiveCfg = Debug|Any CPU
		{A3E8023A-5CE3-4A59-BB43-E1431D865167}.Debug|Any CPU.Build.0 = Debug|Any CPU
		{A3E8023A-5CE3-4A59-BB43-E1431D865167}.Release|Any CPU.ActiveCfg = Release|Any CPU
		{A3E8023A-5CE3-4A59-BB43-E1431D865167}.Release|Any CPU.Build.0 = Release|Any CPU
		{5C2228FC-B166-4E6D-861C-7340CEBE02EA}.Debug|Any CPU.ActiveCfg = Debug|Any CPU
		{5C2228FC-B166-4E6D-861C-7340CEBE02EA}.Debug|Any CPU.Build.0 = Debug|Any CPU
		{5C2228FC-B166-4E6D-861C-7340CEBE02EA}.Release|Any CPU.ActiveCfg = Release|Any CPU
		{5C2228FC-B166-4E6D-861C-7340CEBE02EA}.Release|Any CPU.Build.0 = Release|Any CPU
		{30018F30-1B1B-46CB-9252-1D29288A0825}.Debug|Any CPU.ActiveCfg = Debug|Any CPU
		{30018F30-1B1B-46CB-9252-1D29288A0825}.Debug|Any CPU.Build.0 = Debug|Any CPU
		{30018F30-1B1B-46CB-9252-1D29288A0825}.Release|Any CPU.ActiveCfg = Release|Any CPU
		{30018F30-1B1B-46CB-9252-1D29288A0825}.Release|Any CPU.Build.0 = Release|Any CPU
		{B6F47973-B227-4825-BB2D-B995F5FE2E9C}.Debug|Any CPU.ActiveCfg = Debug|Any CPU
		{B6F47973-B227-4825-BB2D-B995F5FE2E9C}.Debug|Any CPU.Build.0 = Debug|Any CPU
		{B6F47973-B227-4825-BB2D-B995F5FE2E9C}.Release|Any CPU.ActiveCfg = Release|Any CPU
		{B6F47973-B227-4825-BB2D-B995F5FE2E9C}.Release|Any CPU.Build.0 = Release|Any CPU
		{43990779-63AB-4896-8AEE-7B06F7BC6B0B}.Debug|Any CPU.ActiveCfg = Debug|Any CPU
		{43990779-63AB-4896-8AEE-7B06F7BC6B0B}.Debug|Any CPU.Build.0 = Debug|Any CPU
		{43990779-63AB-4896-8AEE-7B06F7BC6B0B}.Release|Any CPU.ActiveCfg = Release|Any CPU
		{43990779-63AB-4896-8AEE-7B06F7BC6B0B}.Release|Any CPU.Build.0 = Release|Any CPU
		{8846DEF8-E1EB-408E-9316-D85E273E7E09}.Debug|Any CPU.ActiveCfg = Debug|Any CPU
		{8846DEF8-E1EB-408E-9316-D85E273E7E09}.Debug|Any CPU.Build.0 = Debug|Any CPU
		{8846DEF8-E1EB-408E-9316-D85E273E7E09}.Release|Any CPU.ActiveCfg = Release|Any CPU
		{8846DEF8-E1EB-408E-9316-D85E273E7E09}.Release|Any CPU.Build.0 = Release|Any CPU
		{6A02BDBB-CBDA-4ADF-81DA-4499666F7C2B}.Debug|Any CPU.ActiveCfg = Debug|Any CPU
		{6A02BDBB-CBDA-4ADF-81DA-4499666F7C2B}.Debug|Any CPU.Build.0 = Debug|Any CPU
		{6A02BDBB-CBDA-4ADF-81DA-4499666F7C2B}.Release|Any CPU.ActiveCfg = Debug|Any CPU
		{6A02BDBB-CBDA-4ADF-81DA-4499666F7C2B}.Release|Any CPU.Build.0 = Debug|Any CPU
		{DBFECD62-5F5A-4A30-BCC9-63FA05E10638}.Debug|Any CPU.ActiveCfg = Debug|Any CPU
		{DBFECD62-5F5A-4A30-BCC9-63FA05E10638}.Debug|Any CPU.Build.0 = Debug|Any CPU
		{DBFECD62-5F5A-4A30-BCC9-63FA05E10638}.Release|Any CPU.ActiveCfg = Debug|Any CPU
		{DBFECD62-5F5A-4A30-BCC9-63FA05E10638}.Release|Any CPU.Build.0 = Debug|Any CPU
	EndGlobalSection
	GlobalSection(SolutionProperties) = preSolution
		HideSolutionNode = FALSE
	EndGlobalSection
	GlobalSection(ExtensibilityGlobals) = postSolution
		SolutionGuid = {C202044C-060B-4F4F-BA8F-EE9F2C196037}
	EndGlobalSection
EndGlobal
