
Microsoft Visual Studio Solution File, Format Version 12.00
# Visual Studio Version 17
VisualStudioVersion = 17.2.32526.322
MinimumVisualStudioVersion = 10.0.40219.1
Project("{9A19103F-16F7-4668-BE54-9A1E7A4F7556}") = "SimulationDAL", "SimulationDAL\SimulationDAL.csproj", "{536E2AE0-B2F3-4DEE-8E35-5E2AD2D74F7F}"
EndProject
Project("{9A19103F-16F7-4668-BE54-9A1E7A4F7556}") = "MessageDefLib", "MessageDefLib\MessageDefLib.csproj", "{A3E8023A-5CE3-4A59-BB43-E1431D865167}"
EndProject
Project("{9A19103F-16F7-4668-BE54-9A1E7A4F7556}") = "XmppServerController", "XmppServer\XmppServerController.csproj", "{5C2228FC-B166-4E6D-861C-7340CEBE02EA}"
EndProject
Project("{9A19103F-16F7-4668-BE54-9A1E7A4F7556}") = "SimulationEngine", "SimulationEngine\SimulationEngine.csproj", "{30018F30-1B1B-46CB-9252-1D29288A0825}"
EndProject
Project("{9A19103F-16F7-4668-BE54-9A1E7A4F7556}") = "EMRALD_Sim", "EMRALD_Sim\EMRALD_Sim.csproj", "{B6F47973-B227-4825-BB2D-B995F5FE2E9C}"
EndProject
Project("{9A19103F-16F7-4668-BE54-9A1E7A4F7556}") = "XmppClient", "XmppClient\XmppClient.csproj", "{8846DEF8-E1EB-408E-9316-D85E273E7E09}"
EndProject
Project("{E24C65DC-7377-472B-9ABA-BC803B73C61A}") = "Emrald-UI", "Emrald-UI\", "{DBFECD62-5F5A-4A30-BCC9-63FA05E10638}"
	ProjectSection(WebsiteProperties) = preProject
		TargetFrameworkMoniker = ".NETFramework,Version%3Dv4.8"
		Debug.AspNetCompiler.VirtualPath = "/localhost_56867"
		Debug.AspNetCompiler.PhysicalPath = "Emrald-UI\"
		Debug.AspNetCompiler.TargetPath = "PrecompiledWeb\localhost_56867\"
		Debug.AspNetCompiler.Updateable = "true"
		Debug.AspNetCompiler.ForceOverwrite = "true"
		Debug.AspNetCompiler.FixedNames = "false"
		Debug.AspNetCompiler.Debug = "True"
		Release.AspNetCompiler.VirtualPath = "/localhost_56867"
		Release.AspNetCompiler.PhysicalPath = "Emrald-UI\"
		Release.AspNetCompiler.TargetPath = "PrecompiledWeb\localhost_56867\"
		Release.AspNetCompiler.Updateable = "true"
		Release.AspNetCompiler.ForceOverwrite = "true"
		Release.AspNetCompiler.FixedNames = "false"
		Release.AspNetCompiler.Debug = "False"
		VWDPort = "56867"
		SlnRelativePath = "Emrald-UI\"
	EndProjectSection
EndProject
Project("{FAE04EC0-301F-11D3-BF4B-00C04F79EFBC}") = "Testing", "VandV_Testing\Testing.csproj", "{AD1C0DC0-E23B-AA72-3FB8-B3241476958B}"
EndProject
Project("{2150E333-8FDC-42A3-9474-1A3956D46DE8}") = "Solution Items", "Solution Items", "{8EC462FD-D22E-90A8-E5CE-7E832BA40C5D}"
	ProjectSection(SolutionItems) = preProject
		.editorconfig = .editorconfig
	EndProjectSection
EndProject
Global
	GlobalSection(SolutionConfigurationPlatforms) = preSolution
		Debug|Any CPU = Debug|Any CPU
		Release|Any CPU = Release|Any CPU
	EndGlobalSection
	GlobalSection(ProjectConfigurationPlatforms) = postSolution
		{536E2AE0-B2F3-4DEE-8E35-5E2AD2D74F7F}.Debug|Any CPU.ActiveCfg = Debug|Any CPU
		{536E2AE0-B2F3-4DEE-8E35-5E2AD2D74F7F}.Debug|Any CPU.Build.0 = Debug|Any CPU
		{536E2AE0-B2F3-4DEE-8E35-5E2AD2D74F7F}.Release|Any CPU.ActiveCfg = Release|Any CPU
		{536E2AE0-B2F3-4DEE-8E35-5E2AD2D74F7F}.Release|Any CPU.Build.0 = Release|Any CPU
		{A3E8023A-5CE3-4A59-BB43-E1431D865167}.Debug|Any CPU.ActiveCfg = Debug|Any CPU
		{A3E8023A-5CE3-4A59-BB43-E1431D865167}.Debug|Any CPU.Build.0 = Debug|Any CPU
		{A3E8023A-5CE3-4A59-BB43-E1431D865167}.Release|Any CPU.ActiveCfg = Release|Any CPU
		{A3E8023A-5CE3-4A59-BB43-E1431D865167}.Release|Any CPU.Build.0 = Release|Any CPU
		{5C2228FC-B166-4E6D-861C-7340CEBE02EA}.Debug|Any CPU.ActiveCfg = Debug|Any CPU
		{5C2228FC-B166-4E6D-861C-7340CEBE02EA}.Debug|Any CPU.Build.0 = Debug|Any CPU
		{5C2228FC-B166-4E6D-861C-7340CEBE02EA}.Release|Any CPU.ActiveCfg = Release|Any CPU
		{5C2228FC-B166-4E6D-861C-7340CEBE02EA}.Release|Any CPU.Build.0 = Release|Any CPU
		{30018F30-1B1B-46CB-9252-1D29288A0825}.Debug|Any CPU.ActiveCfg = Debug|Any CPU
		{30018F30-1B1B-46CB-9252-1D29288A0825}.Debug|Any CPU.Build.0 = Debug|Any CPU
		{30018F30-1B1B-46CB-9252-1D29288A0825}.Release|Any CPU.ActiveCfg = Release|Any CPU
		{30018F30-1B1B-46CB-9252-1D29288A0825}.Release|Any CPU.Build.0 = Release|Any CPU
		{B6F47973-B227-4825-BB2D-B995F5FE2E9C}.Debug|Any CPU.ActiveCfg = Debug|Any CPU
		{B6F47973-B227-4825-BB2D-B995F5FE2E9C}.Debug|Any CPU.Build.0 = Debug|Any CPU
		{B6F47973-B227-4825-BB2D-B995F5FE2E9C}.Release|Any CPU.ActiveCfg = Release|Any CPU
		{B6F47973-B227-4825-BB2D-B995F5FE2E9C}.Release|Any CPU.Build.0 = Release|Any CPU
		{8846DEF8-E1EB-408E-9316-D85E273E7E09}.Debug|Any CPU.ActiveCfg = Debug|Any CPU
		{8846DEF8-E1EB-408E-9316-D85E273E7E09}.Debug|Any CPU.Build.0 = Debug|Any CPU
		{8846DEF8-E1EB-408E-9316-D85E273E7E09}.Release|Any CPU.ActiveCfg = Release|Any CPU
		{8846DEF8-E1EB-408E-9316-D85E273E7E09}.Release|Any CPU.Build.0 = Release|Any CPU
		{DBFECD62-5F5A-4A30-BCC9-63FA05E10638}.Debug|Any CPU.ActiveCfg = Debug|Any CPU
		{DBFECD62-5F5A-4A30-BCC9-63FA05E10638}.Debug|Any CPU.Build.0 = Debug|Any CPU
		{DBFECD62-5F5A-4A30-BCC9-63FA05E10638}.Release|Any CPU.ActiveCfg = Debug|Any CPU
		{DBFECD62-5F5A-4A30-BCC9-63FA05E10638}.Release|Any CPU.Build.0 = Debug|Any CPU
		{AD1C0DC0-E23B-AA72-3FB8-B3241476958B}.Debug|Any CPU.ActiveCfg = Debug|Any CPU
		{AD1C0DC0-E23B-AA72-3FB8-B3241476958B}.Debug|Any CPU.Build.0 = Debug|Any CPU
		{AD1C0DC0-E23B-AA72-3FB8-B3241476958B}.Release|Any CPU.ActiveCfg = Release|Any CPU
		{AD1C0DC0-E23B-AA72-3FB8-B3241476958B}.Release|Any CPU.Build.0 = Release|Any CPU
	EndGlobalSection
	GlobalSection(SolutionProperties) = preSolution
		HideSolutionNode = FALSE
	EndGlobalSection
	GlobalSection(ExtensibilityGlobals) = postSolution
		SolutionGuid = {C202044C-060B-4F4F-BA8F-EE9F2C196037}
	EndGlobalSection
EndGlobal
