Microsoft Visual Studio Solution File, Format Version 12.00
# Visual Studio Version 17
VisualStudioVersion = 17.5.2.0
MinimumVisualStudioVersion = 10.0.40219.1
Project("{FAE04EC0-301F-11D3-BF4B-00C04F79EFBC}") = "WebSocketTestServer", "WebSocketTestServer.csproj", "{53295F72-74C8-C5FC-DB9E-A4CDA661522D}"
EndProject
Global
	GlobalSection(SolutionConfigurationPlatforms) = preSolution
		Debug|Any CPU = Debug|Any CPU
		Release|Any CPU = Release|Any CPU
	EndGlobalSection
	GlobalSection(ProjectConfigurationPlatforms) = postSolution
		{53295F72-74C8-C5FC-DB9E-A4CDA661522D}.Debug|Any CPU.ActiveCfg = Debug|Any CPU
		{53295F72-74C8-C5FC-DB9E-A4CDA661522D}.Debug|Any CPU.Build.0 = Debug|Any CPU
		{53295F72-74C8-C5FC-DB9E-A4CDA661522D}.Release|Any CPU.ActiveCfg = Release|Any CPU
		{53295F72-74C8-C5FC-DB9E-A4CDA661522D}.Release|Any CPU.Build.0 = Release|Any CPU
	EndGlobalSection
	GlobalSection(SolutionProperties) = preSolution
		HideSolutionNode = FALSE
	EndGlobalSection
	GlobalSection(ExtensibilityGlobals) = postSolution
		SolutionGuid = {3ACAD824-E765-482B-9D25-E932F954FA7D}
	EndGlobalSection
EndGlobal
